# This file is generated by running "yarn install" inside your project.
# Manual changes might be lost - proceed with caution!

__metadata:
  version: 5
  cacheKey: 8

"@babel/runtime@npm:^7.9.2":
  version: 7.16.3
  resolution: "@babel/runtime@npm:7.16.3"
  dependencies:
    regenerator-runtime: ^0.13.4
  checksum: ab8ac887096d76185ddbf291d28fb976cd32473696dc497ad4905b784acbd5aa462533ad83a5c5104e10ead28c2e0e119840ee28ed8eff90dcdde9d57f916eda
  languageName: node
  linkType: hard

"@reduxjs/toolkit@npm:^1.6.2":
  version: 1.6.2
  resolution: "@reduxjs/toolkit@npm:1.6.2"
  dependencies:
    immer: ^9.0.6
    redux: ^4.1.0
    redux-thunk: ^2.3.0
    reselect: ^4.0.0
  peerDependencies:
    react: ^16.14.0 || ^17.0.0
    react-redux: ^7.2.1
  peerDependenciesMeta:
    react:
      optional: true
    react-redux:
      optional: true
  checksum: 895e30518dd1552c115c8a06091856f1f60394a971d214eba5c6d7fc2053c5bc2730bc172ba88aead25d240e99a25c94c3621159823bbc0d0109dc9365db456d
  languageName: node
  linkType: hard

"action-test@workspace:.":
  version: 0.0.0-use.local
  resolution: "action-test@workspace:."
  dependencies:
    "@reduxjs/toolkit": ^1.6.2
    nanoid: ^3.1.30
    redux: ^4.1.2
    typescript: ^4.4.4
  languageName: unknown
  linkType: soft

"immer@npm:^9.0.6":
  version: 9.0.6
  resolution: "immer@npm:9.0.6"
  checksum: 75da22f3b32f3f14604eb389b4f50e84a14f2e42f306f0cbe4d2969aed54ec7fda9a7e9ca42ebae2ba73ec9bb6ec1001fafbac535accaf03860054ab0f7e8388
  languageName: node
  linkType: hard

"nanoid@npm:^3.1.30":
  version: 3.1.30
  resolution: "nanoid@npm:3.1.30"
  bin:
    nanoid: bin/nanoid.cjs
  checksum: 276d0d4b0c41c46aeefec5f09f093e4085a2352d06881c845db22b84f8ef72cc8defae6d76bfb1d8a2a128eb2dec42ab148d16582be4e7754c97905806ef57b6
  languageName: node
  linkType: hard

"redux-thunk@npm:^2.3.0":
  version: 2.4.0
  resolution: "redux-thunk@npm:2.4.0"
  peerDependencies:
    redux: ^4
  checksum: 250cd88087bb4614052a5175fd6bd4c70b6a4479c357af8628b3a1d5f75d5b0a6c01645acc3257d3ed147a949708dd748a50b00402d548c3331038ed4f296edc
  languageName: node
  linkType: hard

"redux@npm:^4.1.0, redux@npm:^4.1.2":
  version: 4.1.2
  resolution: "redux@npm:4.1.2"
  dependencies:
    "@babel/runtime": ^7.9.2
  checksum: 6a839cee5bd580c5298d968e9e2302150e961318253819bcd97f9d945a5a409559eacddf6026f4118bb68b681c593d90e8a2c5bbf278f014aff9bf0d2d8fa084
  languageName: node
  linkType: hard

"regenerator-runtime@npm:^0.13.4":
  version: 0.13.9
  resolution: "regenerator-runtime@npm:0.13.9"
  checksum: 65ed455fe5afd799e2897baf691ca21c2772e1a969d19bb0c4695757c2d96249eb74ee3553ea34a91062b2a676beedf630b4c1551cc6299afb937be1426ec55e
  languageName: node
  linkType: hard

"reselect@npm:^4.0.0":
  version: 4.1.2
  resolution: "reselect@npm:4.1.2"
  checksum: 5a702af37e7fa5e58e8b0787b8a1668df2eff527f1eb2cb2bd81416db6947064a922b41f28a522016df6e5e2dbc5f8588ff0749dcf3c06daae0e0cc3baffec99
  languageName: node
  linkType: hard

"typescript@npm:^4.4.4":
  version: 4.4.4
  resolution: "typescript@npm:4.4.4"
  bin:
    tsc: bin/tsc
    tsserver: bin/tsserver
  checksum: 89ecb8436bb48ef5594d49289f5f89103071716b6e4844278f4fb3362856e31203e187a9c76d205c3f0b674d221a058fd28310dbcbcf5d95e9a57229bb5203f1
  languageName: node
  linkType: hard

"typescript@patch:typescript@^4.4.4#~builtin<compat/typescript>":
  version: 4.4.4
  resolution: "typescript@patch:typescript@npm%3A4.4.4#~builtin<compat/typescript>::version=4.4.4&hash=ddd1e8"
  bin:
    tsc: bin/tsc
    tsserver: bin/tsserver
  checksum: bd629ad0da4a15d79aaad56baf3ee7d96f6a181760d430ae77f8c5325df7bffd9edee57544a3970e3651e8b796fe03a5838a7eb39c6d46cc3866c0b23d36a0dd
  languageName: node
  linkType: hard
